
Microsoft Visual Studio Solution File, Format Version 11.00
# Visual Studio 2010
Project("{FAE04EC0-301F-11D3-BF4B-00C04F79EFBC}") = "BeatEmUp", "Assembly-CSharp.csproj", "{84E87CF1-31E0-A3B8-7E8A-239B8A22D76C}"
EndProject
Project("{FAE04EC0-301F-11D3-BF4B-00C04F79EFBC}") = "BeatEmUp", "Assembly-CSharp-Editor.csproj", "{21EC5726-E83C-E338-2516-DDA10C19C3AA}"
EndProject
Global
	GlobalSection(SolutionConfigurationPlatforms) = preSolution
		Debug|Any CPU = Debug|Any CPU
		Release|Any CPU = Release|Any CPU
	EndGlobalSection
	GlobalSection(ProjectConfigurationPlatforms) = postSolution
		{84E87CF1-31E0-A3B8-7E8A-239B8A22D76C}.Debug|Any CPU.ActiveCfg = Debug|Any CPU
		{84E87CF1-31E0-A3B8-7E8A-239B8A22D76C}.Debug|Any CPU.Build.0 = Debug|Any CPU
		{84E87CF1-31E0-A3B8-7E8A-239B8A22D76C}.Release|Any CPU.ActiveCfg = Release|Any CPU
		{84E87CF1-31E0-A3B8-7E8A-239B8A22D76C}.Release|Any CPU.Build.0 = Release|Any CPU
		{21EC5726-E83C-E338-2516-DDA10C19C3AA}.Debug|Any CPU.ActiveCfg = Debug|Any CPU
		{21EC5726-E83C-E338-2516-DDA10C19C3AA}.Debug|Any CPU.Build.0 = Debug|Any CPU
		{21EC5726-E83C-E338-2516-DDA10C19C3AA}.Release|Any CPU.ActiveCfg = Release|Any CPU
		{21EC5726-E83C-E338-2516-DDA10C19C3AA}.Release|Any CPU.Build.0 = Release|Any CPU
	EndGlobalSection
	GlobalSection(SolutionProperties) = preSolution
		HideSolutionNode = FALSE
	EndGlobalSection
	GlobalSection(MonoDevelopProperties) = preSolution
		StartupItem = Assembly-CSharp.csproj
	EndGlobalSection
EndGlobal
